# @generated - this file is auto-generated by `mise lock` https://mise.en.dev/dev-tools/mise-lock.html

[[tools."aqua:FiloSottile/age"]]
version = "1.3.1"
backend = "aqua:FiloSottile/age"

[tools."aqua:FiloSottile/age"."platforms.linux-arm64"]
checksum = "sha256:c6878a324421b69e3e20b00ba17c04bc5c6dab0030cfe55bf8f68fa8d9e9093a"
url = "https://github.com/FiloSottile/age/releases/download/v1.3.1/age-v1.3.1-linux-arm64.tar.gz"
url_api = "https://api.github.com/repos/FiloSottile/age/releases/assets/333752668"
provenance = "github-attestations"

[tools."aqua:FiloSottile/age"."platforms.linux-arm64-musl"]
checksum = "sha256:c6878a324421b69e3e20b00ba17c04bc5c6dab0030cfe55bf8f68fa8d9e9093a"
url = "https://github.com/FiloSottile/age/releases/download/v1.3.1/age-v1.3.1-linux-arm64.tar.gz"
url_api = "https://api.github.com/repos/FiloSottile/age/releases/assets/333752668"
provenance = "github-attestations"

[tools."aqua:FiloSottile/age"."platforms.linux-x64"]
checksum = "sha256:bdc69c09cbdd6cf8b1f333d372a1f58247b3a33146406333e30c0f26e8f51377"
url = "https://github.com/FiloSottile/age/releases/download/v1.3.1/age-v1.3.1-linux-amd64.tar.gz"
url_api = "https://api.github.com/repos/FiloSottile/age/releases/assets/333752671"
provenance = "github-attestations"

[tools."aqua:FiloSottile/age"."platforms.linux-x64-musl"]
checksum = "sha256:bdc69c09cbdd6cf8b1f333d372a1f58247b3a33146406333e30c0f26e8f51377"
url = "https://github.com/FiloSottile/age/releases/download/v1.3.1/age-v1.3.1-linux-amd64.tar.gz"
url_api = "https://api.github.com/repos/FiloSottile/age/releases/assets/333752671"
provenance = "github-attestations"

[tools."aqua:FiloSottile/age"."platforms.macos-arm64"]
checksum = "sha256:01120ea2cbf0463d4c6bd767f99f3271bbed1cdc8a9aa718a76ba1fe4f01998b"
url = "https://github.com/FiloSottile/age/releases/download/v1.3.1/age-v1.3.1-darwin-arm64.tar.gz"
url_api = "https://api.github.com/repos/FiloSottile/age/releases/assets/333752669"
provenance = "github-attestations"

[tools."aqua:FiloSottile/age"."platforms.macos-x64"]
checksum = "sha256:2b233301ad21ab7b1eabd9ae1198a164005fa4928fcdd745d47c39f8593209d7"
url = "https://github.com/FiloSottile/age/releases/download/v1.3.1/age-v1.3.1-darwin-amd64.tar.gz"
url_api = "https://api.github.com/repos/FiloSottile/age/releases/assets/343881260"
provenance = "github-attestations"

[tools."aqua:FiloSottile/age"."platforms.windows-x64"]
checksum = "sha256:c56e8ce22f7e80cb85ad946cc82d198767b056366201d3e1a2b93d865be38154"
url = "https://github.com/FiloSottile/age/releases/download/v1.3.1/age-v1.3.1-windows-amd64.zip"
url_api = "https://api.github.com/repos/FiloSottile/age/releases/assets/333752673"
provenance = "github-attestations"

[[tools."aqua:budimanjojo/talhelper"]]
version = "3.1.17"
backend = "aqua:budimanjojo/talhelper"

[tools."aqua:budimanjojo/talhelper"."platforms.linux-arm64"]
checksum = "sha256:1841915ec6f533ef653baedc5f1cbf68683e0ca9a72f240ac2f257d94f68798b"
url = "https://github.com/budimanjojo/talhelper/releases/download/v3.1.17/talhelper_linux_arm64.tar.gz"
url_api = "https://api.github.com/repos/budimanjojo/talhelper/releases/assets/530086688"

[tools."aqua:budimanjojo/talhelper"."platforms.linux-arm64-musl"]
checksum = "sha256:1841915ec6f533ef653baedc5f1cbf68683e0ca9a72f240ac2f257d94f68798b"
url = "https://github.com/budimanjojo/talhelper/releases/download/v3.1.17/talhelper_linux_arm64.tar.gz"
url_api = "https://api.github.com/repos/budimanjojo/talhelper/releases/assets/530086688"

[tools."aqua:budimanjojo/talhelper"."platforms.linux-x64"]
checksum = "sha256:dff9162569004637b6a842c4020d909b0ffbc7fbbe2fca23a754708db95be204"
url = "https://github.com/budimanjojo/talhelper/releases/download/v3.1.17/talhelper_linux_amd64.tar.gz"
url_api = "https://api.github.com/repos/budimanjojo/talhelper/releases/assets/530086690"

[tools."aqua:budimanjojo/talhelper"."platforms.linux-x64-musl"]
checksum = "sha256:dff9162569004637b6a842c4020d909b0ffbc7fbbe2fca23a754708db95be204"
url = "https://github.com/budimanjojo/talhelper/releases/download/v3.1.17/talhelper_linux_amd64.tar.gz"
url_api = "https://api.github.com/repos/budimanjojo/talhelper/releases/assets/530086690"

[tools."aqua:budimanjojo/talhelper"."platforms.macos-arm64"]
checksum = "sha256:cf86526d730010193d3e858f13242e5f0c94fdcefe5e001716c552211b1e95b0"
url = "https://github.com/budimanjojo/talhelper/releases/download/v3.1.17/talhelper_darwin_arm64.tar.gz"
url_api = "https://api.github.com/repos/budimanjojo/talhelper/releases/assets/530086691"

[tools."aqua:budimanjojo/talhelper"."platforms.macos-x64"]
checksum = "sha256:29dec70a5b2049058e4adf5ff6f236ca74fb51500ebb8e41e381ad1d49d60a09"
url = "https://github.com/budimanjojo/talhelper/releases/download/v3.1.17/talhelper_darwin_amd64.tar.gz"
url_api = "https://api.github.com/repos/budimanjojo/talhelper/releases/assets/530086689"

[tools."aqua:budimanjojo/talhelper"."platforms.windows-x64"]
checksum = "sha256:415f079abd09fa686b29a4d02de03cd6c5d8339cc6d497f2f4a54da6765c0a79"
url = "https://github.com/budimanjojo/talhelper/releases/download/v3.1.17/talhelper_windows_amd64.tar.gz"
url_api = "https://api.github.com/repos/budimanjojo/talhelper/releases/assets/530086712"

[[tools."aqua:cilium/cilium-cli"]]
version = "0.20.0"
backend = "aqua:cilium/cilium-cli"

[tools."aqua:cilium/cilium-cli"."platforms.linux-arm64"]
checksum = "sha256:9a9281dc79bd10a61fa35078b8ab63eaf491ab2f47edc6b9a3541b2fe4ede3ff"
url = "https://github.com/cilium/cilium-cli/releases/download/v0.20.0/cilium-linux-arm64.tar.gz"
url_api = "https://api.github.com/repos/cilium/cilium-cli/releases/assets/530475789"

[tools."aqua:cilium/cilium-cli"."platforms.linux-arm64-musl"]
checksum = "sha256:9a9281dc79bd10a61fa35078b8ab63eaf491ab2f47edc6b9a3541b2fe4ede3ff"
url = "https://github.com/cilium/cilium-cli/releases/download/v0.20.0/cilium-linux-arm64.tar.gz"
url_api = "https://api.github.com/repos/cilium/cilium-cli/releases/assets/530475789"

[tools."aqua:cilium/cilium-cli"."platforms.linux-x64"]
checksum = "sha256:94adc5c3be44d8240df91cec520536686f8a1eb29e5bc70c4c1c80137f00d764"
url = "https://github.com/cilium/cilium-cli/releases/download/v0.20.0/cilium-linux-amd64.tar.gz"
url_api = "https://api.github.com/repos/cilium/cilium-cli/releases/assets/530475792"

[tools."aqua:cilium/cilium-cli"."platforms.linux-x64-musl"]
checksum = "sha256:94adc5c3be44d8240df91cec520536686f8a1eb29e5bc70c4c1c80137f00d764"
url = "https://github.com/cilium/cilium-cli/releases/download/v0.20.0/cilium-linux-amd64.tar.gz"
url_api = "https://api.github.com/repos/cilium/cilium-cli/releases/assets/530475792"

[tools."aqua:cilium/cilium-cli"."platforms.macos-arm64"]
checksum = "sha256:2850449e321c21e9556c312d0b6885838523d294b7e0b58955697507463a57cc"
url = "https://github.com/cilium/cilium-cli/releases/download/v0.20.0/cilium-darwin-arm64.tar.gz"
url_api = "https://api.github.com/repos/cilium/cilium-cli/releases/assets/530475790"

[tools."aqua:cilium/cilium-cli"."platforms.macos-x64"]
checksum = "sha256:cc338e326235e76e3924f032d8a6eb41bf751d94bb04fce70d5f80014fc179d9"
url = "https://github.com/cilium/cilium-cli/releases/download/v0.20.0/cilium-darwin-amd64.tar.gz"
url_api = "https://api.github.com/repos/cilium/cilium-cli/releases/assets/530475794"

[tools."aqua:cilium/cilium-cli"."platforms.windows-x64"]
checksum = "sha256:d96cf9811608cf945326196ccf4dd251ba91358ead3587f52023680e4460ba19"
url = "https://github.com/cilium/cilium-cli/releases/download/v0.20.0/cilium-windows-amd64.zip"
url_api = "https://api.github.com/repos/cilium/cilium-cli/releases/assets/530475785"

[[tools."aqua:cli/cli"]]
version = "2.98.0"
backend = "aqua:cli/cli"

[tools."aqua:cli/cli"."platforms.linux-arm64"]
checksum = "sha256:cf689084f3a3618f7eae4a2420d335d74626d65f5e594b9828d125d69f800d86"
url = "https://github.com/cli/cli/releases/download/v2.98.0/gh_2.98.0_linux_arm64.tar.gz"
url_api = "https://api.github.com/repos/cli/cli/releases/assets/522857902"
provenance = "github-attestations"

[tools."aqua:cli/cli"."platforms.linux-arm64-musl"]
checksum = "sha256:cf689084f3a3618f7eae4a2420d335d74626d65f5e594b9828d125d69f800d86"
url = "https://github.com/cli/cli/releases/download/v2.98.0/gh_2.98.0_linux_arm64.tar.gz"
url_api = "https://api.github.com/repos/cli/cli/releases/assets/522857902"
provenance = "github-attestations"

[tools."aqua:cli/cli"."platforms.linux-x64"]
checksum = "sha256:3b8ac6b30336802fc1a858d7c084e11cdf24ac1a761ca90b68022d7d729208de"
url = "https://github.com/cli/cli/releases/download/v2.98.0/gh_2.98.0_linux_amd64.tar.gz"
url_api = "https://api.github.com/repos/cli/cli/releases/assets/522857901"
provenance = "github-attestations"

[tools."aqua:cli/cli"."platforms.linux-x64-musl"]
checksum = "sha256:3b8ac6b30336802fc1a858d7c084e11cdf24ac1a761ca90b68022d7d729208de"
url = "https://github.com/cli/cli/releases/download/v2.98.0/gh_2.98.0_linux_amd64.tar.gz"
url_api = "https://api.github.com/repos/cli/cli/releases/assets/522857901"
provenance = "github-attestations"

[tools."aqua:cli/cli"."platforms.macos-arm64"]
checksum = "sha256:8cfb027cc5310675f2b830eac8f9865c1155a45ffcf9757f699fdd5a22046ca4"
url = "https://github.com/cli/cli/releases/download/v2.98.0/gh_2.98.0_macOS_arm64.zip"
url_api = "https://api.github.com/repos/cli/cli/releases/assets/522857972"
provenance = "github-attestations"

[tools."aqua:cli/cli"."platforms.macos-x64"]
checksum = "sha256:734c7bbd0bc56a3974500ee9aea74d60f0e5b89be09e92b9d9148939a3a1e0e6"
url = "https://github.com/cli/cli/releases/download/v2.98.0/gh_2.98.0_macOS_amd64.zip"
url_api = "https://api.github.com/repos/cli/cli/releases/assets/522857971"
provenance = "github-attestations"

[tools."aqua:cli/cli"."platforms.windows-x64"]
checksum = "sha256:c28c7b3b584967a05b74d9eaf7481bff24ddc34930bf2d6e442c148236561eb1"
url = "https://github.com/cli/cli/releases/download/v2.98.0/gh_2.98.0_windows_amd64.zip"
url_api = "https://api.github.com/repos/cli/cli/releases/assets/522857996"
provenance = "github-attestations"

[[tools."aqua:cloudflare/cloudflared"]]
version = "2026.8.2"
backend = "aqua:cloudflare/cloudflared"

[tools."aqua:cloudflare/cloudflared"."platforms.linux-arm64"]
checksum = "sha256:7747d94570fb390cf47dcb4f9555c193c6355cda9793f0d878d9049e5d6a7790"
url = "https://github.com/cloudflare/cloudflared/releases/download/2026.8.2/cloudflared-linux-arm64"
url_api = "https://api.github.com/repos/cloudflare/cloudflared/releases/assets/514390092"

[tools."aqua:cloudflare/cloudflared"."platforms.linux-arm64-musl"]
checksum = "sha256:7747d94570fb390cf47dcb4f9555c193c6355cda9793f0d878d9049e5d6a7790"
url = "https://github.com/cloudflare/cloudflared/releases/download/2026.8.2/cloudflared-linux-arm64"
url_api = "https://api.github.com/repos/cloudflare/cloudflared/releases/assets/514390092"

[tools."aqua:cloudflare/cloudflared"."platforms.linux-x64"]
checksum = "sha256:fcfb02b575a52ca1af2e3267af4e1517bcdeb30ac48c834c69abaed3c0576ad2"
url = "https://github.com/cloudflare/cloudflared/releases/download/2026.8.2/cloudflared-linux-amd64"
url_api = "https://api.github.com/repos/cloudflare/cloudflared/releases/assets/514389937"

[tools."aqua:cloudflare/cloudflared"."platforms.linux-x64-musl"]
checksum = "sha256:fcfb02b575a52ca1af2e3267af4e1517bcdeb30ac48c834c69abaed3c0576ad2"
url = "https://github.com/cloudflare/cloudflared/releases/download/2026.8.2/cloudflared-linux-amd64"
url_api = "https://api.github.com/repos/cloudflare/cloudflared/releases/assets/514389937"

[tools."aqua:cloudflare/cloudflared"."platforms.macos-arm64"]
checksum = "sha256:9042c2c5d8b2de78e60f313d5fb31b6c5c1cebde787a3caf1f2c9588084ac442"
url = "https://github.com/cloudflare/cloudflared/releases/download/2026.8.2/cloudflared-darwin-arm64.tgz"
url_api = "https://api.github.com/repos/cloudflare/cloudflared/releases/assets/514389484"

[tools."aqua:cloudflare/cloudflared"."platforms.macos-x64"]
checksum = "sha256:f1727723c586500e2092368ae21871b3df7ddfd2cb097f22d81bee4a9c458bb4"
url = "https://github.com/cloudflare/cloudflared/releases/download/2026.8.2/cloudflared-darwin-amd64.tgz"
url_api = "https://api.github.com/repos/cloudflare/cloudflared/releases/assets/514389917"

[tools."aqua:cloudflare/cloudflared"."platforms.windows-x64"]
checksum = "sha256:c29eee2b121f5436a642eed69fd9767da7e7b8c510fa50aaa130337f931357b5"
url = "https://github.com/cloudflare/cloudflared/releases/download/2026.8.2/cloudflared-windows-amd64.exe"
url_api = "https://api.github.com/repos/cloudflare/cloudflared/releases/assets/514390329"

[[tools."aqua:cue-lang/cue"]]
version = "0.17.1"
backend = "aqua:cue-lang/cue"

[tools."aqua:cue-lang/cue"."platforms.linux-arm64"]
checksum = "sha256:0d729be30d52c952ca38fc9dcb692caa09d8463fa0b64df5781312779183fbcd"
url = "https://github.com/cue-lang/cue/releases/download/v0.17.1/cue_v0.17.1_linux_arm64.tar.gz"
url_api = "https://api.github.com/repos/cue-lang/cue/releases/assets/479014345"

[tools."aqua:cue-lang/cue"."platforms.linux-arm64-musl"]
checksum = "sha256:0d729be30d52c952ca38fc9dcb692caa09d8463fa0b64df5781312779183fbcd"
url = "https://github.com/cue-lang/cue/releases/download/v0.17.1/cue_v0.17.1_linux_arm64.tar.gz"
url_api = "https://api.github.com/repos/cue-lang/cue/releases/assets/479014345"

[tools."aqua:cue-lang/cue"."platforms.linux-x64"]
checksum = "sha256:a39b0c97695069d95d276d99be0f5dbabb081d801bfdc9ba49b76efaf94e2369"
url = "https://github.com/cue-lang/cue/releases/download/v0.17.1/cue_v0.17.1_linux_amd64.tar.gz"
url_api = "https://api.github.com/repos/cue-lang/cue/releases/assets/479014346"

[tools."aqua:cue-lang/cue"."platforms.linux-x64-musl"]
checksum = "sha256:a39b0c97695069d95d276d99be0f5dbabb081d801bfdc9ba49b76efaf94e2369"
url = "https://github.com/cue-lang/cue/releases/download/v0.17.1/cue_v0.17.1_linux_amd64.tar.gz"
url_api = "https://api.github.com/repos/cue-lang/cue/releases/assets/479014346"

[tools."aqua:cue-lang/cue"."platforms.macos-arm64"]
checksum = "sha256:64921403f012a97f89494c03605db2fbf7d9daa77dc2631819ac4406cb2e8074"
url = "https://github.com/cue-lang/cue/releases/download/v0.17.1/cue_v0.17.1_darwin_arm64.tar.gz"
url_api = "https://api.github.com/repos/cue-lang/cue/releases/assets/479014347"

[tools."aqua:cue-lang/cue"."platforms.macos-x64"]
checksum = "sha256:80aa026c3f47400c7bfc228b3422fd56b7c6c5ea4d70686f8d8f01ced716d3de"
url = "https://github.com/cue-lang/cue/releases/download/v0.17.1/cue_v0.17.1_darwin_amd64.tar.gz"
url_api = "https://api.github.com/repos/cue-lang/cue/releases/assets/479014348"

[tools."aqua:cue-lang/cue"."platforms.windows-x64"]
checksum = "sha256:9f15378dc52b9a1bb6fa1755adc0410c9f17f330a621b784a5b31fdbc91c6d7a"
url = "https://github.com/cue-lang/cue/releases/download/v0.17.1/cue_v0.17.1_windows_amd64.zip"
url_api = "https://api.github.com/repos/cue-lang/cue/releases/assets/479014351"

[[tools."aqua:fluxcd/flux2"]]
version = "2.9.4"
backend = "aqua:fluxcd/flux2"

[tools."aqua:fluxcd/flux2"."platforms.linux-arm64"]
checksum = "sha256:dcab945f8d8658662fa1db93e150a602ba1f91da367a82e099bd65595fc7c62c"
url = "https://github.com/fluxcd/flux2/releases/download/v2.9.4/flux_2.9.4_linux_arm64.tar.gz"
url_api = "https://api.github.com/repos/fluxcd/flux2/releases/assets/505259828"

[tools."aqua:fluxcd/flux2"."platforms.linux-arm64".provenance.slsa]
url = "https://github.com/fluxcd/flux2/releases/download/v2.9.4/provenance.intoto.jsonl"

[tools."aqua:fluxcd/flux2"."platforms.linux-arm64-musl"]
checksum = "sha256:dcab945f8d8658662fa1db93e150a602ba1f91da367a82e099bd65595fc7c62c"
url = "https://github.com/fluxcd/flux2/releases/download/v2.9.4/flux_2.9.4_linux_arm64.tar.gz"
url_api = "https://api.github.com/repos/fluxcd/flux2/releases/assets/505259828"

[tools."aqua:fluxcd/flux2"."platforms.linux-arm64-musl".provenance.slsa]
url = "https://github.com/fluxcd/flux2/releases/download/v2.9.4/provenance.intoto.jsonl"

[tools."aqua:fluxcd/flux2"."platforms.linux-x64"]
checksum = "sha256:c2c397a52930f52d2005c01d276116b059d062de379386d58e98115380a766a2"
url = "https://github.com/fluxcd/flux2/releases/download/v2.9.4/flux_2.9.4_linux_amd64.tar.gz"
url_api = "https://api.github.com/repos/fluxcd/flux2/releases/assets/505259827"

[tools."aqua:fluxcd/flux2"."platforms.linux-x64".provenance.slsa]
url = "https://github.com/fluxcd/flux2/releases/download/v2.9.4/provenance.intoto.jsonl"

[tools."aqua:fluxcd/flux2"."platforms.linux-x64-musl"]
checksum = "sha256:c2c397a52930f52d2005c01d276116b059d062de379386d58e98115380a766a2"
url = "https://github.com/fluxcd/flux2/releases/download/v2.9.4/flux_2.9.4_linux_amd64.tar.gz"
url_api = "https://api.github.com/repos/fluxcd/flux2/releases/assets/505259827"

[tools."aqua:fluxcd/flux2"."platforms.linux-x64-musl".provenance.slsa]
url = "https://github.com/fluxcd/flux2/releases/download/v2.9.4/provenance.intoto.jsonl"

[tools."aqua:fluxcd/flux2"."platforms.macos-arm64"]
checksum = "sha256:5350675411f1c8c20fb7fd827450933e939f7ab82a2cd92f8fa2abe497761911"
url = "https://github.com/fluxcd/flux2/releases/download/v2.9.4/flux_2.9.4_darwin_arm64.tar.gz"
url_api = "https://api.github.com/repos/fluxcd/flux2/releases/assets/505259822"

[tools."aqua:fluxcd/flux2"."platforms.macos-arm64".provenance.slsa]
url = "https://github.com/fluxcd/flux2/releases/download/v2.9.4/provenance.intoto.jsonl"

[tools."aqua:fluxcd/flux2"."platforms.macos-x64"]
checksum = "sha256:162e11dd0fd44d1d87f3b8308b74e8ef8fedd0a550b8501f0365f329efc476f8"
url = "https://github.com/fluxcd/flux2/releases/download/v2.9.4/flux_2.9.4_darwin_amd64.tar.gz"
url_api = "https://api.github.com/repos/fluxcd/flux2/releases/assets/505259836"

[tools."aqua:fluxcd/flux2"."platforms.macos-x64".provenance.slsa]
url = "https://github.com/fluxcd/flux2/releases/download/v2.9.4/provenance.intoto.jsonl"

[tools."aqua:fluxcd/flux2"."platforms.windows-x64"]
checksum = "sha256:524a148bdc77d6baa05fb22472e2ecf153f51c198ff299475a7245e4016b06c2"
url = "https://github.com/fluxcd/flux2/releases/download/v2.9.4/flux_2.9.4_windows_amd64.zip"
url_api = "https://api.github.com/repos/fluxcd/flux2/releases/assets/505259830"

[tools."aqua:fluxcd/flux2"."platforms.windows-x64".provenance.slsa]
url = "https://github.com/fluxcd/flux2/releases/download/v2.9.4/provenance.intoto.jsonl"

[[tools."aqua:getsops/sops"]]
version = "3.13.3"
backend = "aqua:getsops/sops"

[tools."aqua:getsops/sops"."platforms.linux-arm64"]
checksum = "sha256:53b0abacd38ef1b12a66d6c100956691b9cefce018d91f81e73ddf7438b94d77"
url = "https://github.com/getsops/sops/releases/download/v3.13.3/sops-v3.13.3.linux.arm64"
url_api = "https://api.github.com/repos/getsops/sops/releases/assets/486808229"

[tools."aqua:getsops/sops"."platforms.linux-arm64".provenance.slsa]
url = "https://github.com/getsops/sops/releases/download/v3.13.3/sops-v3.13.3.intoto.jsonl"

[tools."aqua:getsops/sops"."platforms.linux-arm64-musl"]
checksum = "sha256:53b0abacd38ef1b12a66d6c100956691b9cefce018d91f81e73ddf7438b94d77"
url = "https://github.com/getsops/sops/releases/download/v3.13.3/sops-v3.13.3.linux.arm64"
url_api = "https://api.github.com/repos/getsops/sops/releases/assets/486808229"

[tools."aqua:getsops/sops"."platforms.linux-arm64-musl".provenance.slsa]
url = "https://github.com/getsops/sops/releases/download/v3.13.3/sops-v3.13.3.intoto.jsonl"

[tools."aqua:getsops/sops"."platforms.linux-x64"]
checksum = "sha256:e5bec3346a873ae91d871550f3e698c1aad962aff462a080e40f25fde17fef6b"
url = "https://github.com/getsops/sops/releases/download/v3.13.3/sops-v3.13.3.linux.amd64"
url_api = "https://api.github.com/repos/getsops/sops/releases/assets/486808201"

[tools."aqua:getsops/sops"."platforms.linux-x64".provenance.slsa]
url = "https://github.com/getsops/sops/releases/download/v3.13.3/sops-v3.13.3.intoto.jsonl"

[tools."aqua:getsops/sops"."platforms.linux-x64-musl"]
checksum = "sha256:e5bec3346a873ae91d871550f3e698c1aad962aff462a080e40f25fde17fef6b"
url = "https://github.com/getsops/sops/releases/download/v3.13.3/sops-v3.13.3.linux.amd64"
url_api = "https://api.github.com/repos/getsops/sops/releases/assets/486808201"

[tools."aqua:getsops/sops"."platforms.linux-x64-musl".provenance.slsa]
url = "https://github.com/getsops/sops/releases/download/v3.13.3/sops-v3.13.3.intoto.jsonl"

[tools."aqua:getsops/sops"."platforms.macos-arm64"]
checksum = "sha256:b97c0d434aab577dc40310e8d22ff9e45eef4c80638ab978daae9b4681c59286"
url = "https://github.com/getsops/sops/releases/download/v3.13.3/sops-v3.13.3.darwin.arm64"
url_api = "https://api.github.com/repos/getsops/sops/releases/assets/486808198"

[tools."aqua:getsops/sops"."platforms.macos-arm64".provenance.slsa]
url = "https://github.com/getsops/sops/releases/download/v3.13.3/sops-v3.13.3.intoto.jsonl"

[tools."aqua:getsops/sops"."platforms.macos-x64"]
checksum = "sha256:42162d5cef10b74fcf80a045a70e658d7ce6e63d6ea1be6f347e44015714468d"
url = "https://github.com/getsops/sops/releases/download/v3.13.3/sops-v3.13.3.darwin.amd64"
url_api = "https://api.github.com/repos/getsops/sops/releases/assets/486808228"

[tools."aqua:getsops/sops"."platforms.macos-x64".provenance.slsa]
url = "https://github.com/getsops/sops/releases/download/v3.13.3/sops-v3.13.3.intoto.jsonl"

[tools."aqua:getsops/sops"."platforms.windows-x64"]
checksum = "sha256:a4a9a398858fe8b2ef72d9686d930bf7c5cece9be74ad83ac3b53cfdd70e6b1c"
url = "https://github.com/getsops/sops/releases/download/v3.13.3/sops-v3.13.3.amd64.exe"
url_api = "https://api.github.com/repos/getsops/sops/releases/assets/486808200"

[tools."aqua:getsops/sops"."platforms.windows-x64".provenance.slsa]
url = "https://github.com/getsops/sops/releases/download/v3.13.3/sops-v3.13.3.intoto.jsonl"

[[tools."aqua:gitleaks/gitleaks"]]
version = "8.30.1"
backend = "aqua:gitleaks/gitleaks"

[[tools."aqua:go-task/task"]]
version = "3.53.1"
backend = "aqua:go-task/task"

[tools."aqua:go-task/task"."platforms.linux-arm64"]
checksum = "sha256:e3ad19101493a0112e1f22ae8ccc54bf03e533b1076a0ca1e6c782a09ad2e588"
url = "https://github.com/go-task/task/releases/download/v3.53.1/task_linux_arm64.tar.gz"
url_api = "https://api.github.com/repos/go-task/task/releases/assets/519645523"

[tools."aqua:go-task/task"."platforms.linux-arm64-musl"]
checksum = "sha256:e3ad19101493a0112e1f22ae8ccc54bf03e533b1076a0ca1e6c782a09ad2e588"
url = "https://github.com/go-task/task/releases/download/v3.53.1/task_linux_arm64.tar.gz"
url_api = "https://api.github.com/repos/go-task/task/releases/assets/519645523"

[tools."aqua:go-task/task"."platforms.linux-x64"]
checksum = "sha256:a54a408f6861ff921f6e87774180db31bacd8c1e7c944ca696db9fea49a82fc7"
url = "https://github.com/go-task/task/releases/download/v3.53.1/task_linux_amd64.tar.gz"
url_api = "https://api.github.com/repos/go-task/task/releases/assets/519645449"

[tools."aqua:go-task/task"."platforms.linux-x64-musl"]
checksum = "sha256:a54a408f6861ff921f6e87774180db31bacd8c1e7c944ca696db9fea49a82fc7"
url = "https://github.com/go-task/task/releases/download/v3.53.1/task_linux_amd64.tar.gz"
url_api = "https://api.github.com/repos/go-task/task/releases/assets/519645449"

[tools."aqua:go-task/task"."platforms.macos-arm64"]
checksum = "sha256:85d2d96c2380b33d7855b07b3f7a20dc7ca0eda999a26efa0fb5f6f32b366cd7"
url = "https://github.com/go-task/task/releases/download/v3.53.1/task_darwin_arm64.tar.gz"
url_api = "https://api.github.com/repos/go-task/task/releases/assets/519645491"

[tools."aqua:go-task/task"."platforms.macos-x64"]
checksum = "sha256:7f1a702d54a789cb818a636039a83df071f4179893133afafa4eba351a7e19ef"
url = "https://github.com/go-task/task/releases/download/v3.53.1/task_darwin_amd64.tar.gz"
url_api = "https://api.github.com/repos/go-task/task/releases/assets/519645492"

[tools."aqua:go-task/task"."platforms.windows-x64"]
checksum = "sha256:27c0cd248c12cba03d8958d954a3df981c900be885ec9ce5f6a3cdc4e9a19316"
url = "https://github.com/go-task/task/releases/download/v3.53.1/task_windows_amd64.zip"
url_api = "https://api.github.com/repos/go-task/task/releases/assets/519645548"

[[tools."aqua:helm/helm"]]
version = "4.2.4"
backend = "aqua:helm/helm"

[tools."aqua:helm/helm"."platforms.linux-arm64"]
checksum = "sha256:564de2191b881e9f71b5606b25345821ea1682f06ab90499d3ab22b530176da1"
url = "https://get.helm.sh/helm-v4.2.4-linux-arm64.tar.gz"

[tools."aqua:helm/helm"."platforms.linux-arm64-musl"]
checksum = "sha256:564de2191b881e9f71b5606b25345821ea1682f06ab90499d3ab22b530176da1"
url = "https://get.helm.sh/helm-v4.2.4-linux-arm64.tar.gz"

[tools."aqua:helm/helm"."platforms.linux-x64"]
checksum = "sha256:c306b46f719b0a4da32d0f78ee21bf90ce8d602f15b22ab753f0674d1670a7f3"
url = "https://get.helm.sh/helm-v4.2.4-linux-amd64.tar.gz"

[tools."aqua:helm/helm"."platforms.linux-x64-musl"]
checksum = "sha256:c306b46f719b0a4da32d0f78ee21bf90ce8d602f15b22ab753f0674d1670a7f3"
url = "https://get.helm.sh/helm-v4.2.4-linux-amd64.tar.gz"

[tools."aqua:helm/helm"."platforms.macos-arm64"]
checksum = "sha256:d747eb4e28bd2727173d15b759fa0a17822291ec09db7ced3d55af290a3661a2"
url = "https://get.helm.sh/helm-v4.2.4-darwin-arm64.tar.gz"

[tools."aqua:helm/helm"."platforms.macos-x64"]
checksum = "sha256:6c163d687ca03c3b5c01928e53bbbcf9518278f47ce7a2f249a5a08e8bdaa2bc"
url = "https://get.helm.sh/helm-v4.2.4-darwin-amd64.tar.gz"

[tools."aqua:helm/helm"."platforms.windows-x64"]
checksum = "sha256:38cbdab1c7d4f0412d571c3aeefc700bcdc7b663be481832a11dfed01ee67c36"
url = "https://get.helm.sh/helm-v4.2.4-windows-amd64.tar.gz"

[[tools."aqua:helmfile/helmfile"]]
version = "1.7.4"
backend = "aqua:helmfile/helmfile"

[tools."aqua:helmfile/helmfile"."platforms.linux-arm64"]
checksum = "sha256:0292f57a4638a21e775b0ce8bde37ee3fdd65dbbdbe0e5b9a06718f1dd04c7fa"
url = "https://github.com/helmfile/helmfile/releases/download/v1.7.4/helmfile_1.7.4_linux_arm64.tar.gz"
url_api = "https://api.github.com/repos/helmfile/helmfile/releases/assets/516813268"

[tools."aqua:helmfile/helmfile"."platforms.linux-arm64-musl"]
checksum = "sha256:0292f57a4638a21e775b0ce8bde37ee3fdd65dbbdbe0e5b9a06718f1dd04c7fa"
url = "https://github.com/helmfile/helmfile/releases/download/v1.7.4/helmfile_1.7.4_linux_arm64.tar.gz"
url_api = "https://api.github.com/repos/helmfile/helmfile/releases/assets/516813268"

[tools."aqua:helmfile/helmfile"."platforms.linux-x64"]
checksum = "sha256:f96ef0a015df06b29d7f38bf0ca08821018ae25eb96bf2c7abd3affa1b84e112"
url = "https://github.com/helmfile/helmfile/releases/download/v1.7.4/helmfile_1.7.4_linux_amd64.tar.gz"
url_api = "https://api.github.com/repos/helmfile/helmfile/releases/assets/516813296"

[tools."aqua:helmfile/helmfile"."platforms.linux-x64-musl"]
checksum = "sha256:f96ef0a015df06b29d7f38bf0ca08821018ae25eb96bf2c7abd3affa1b84e112"
url = "https://github.com/helmfile/helmfile/releases/download/v1.7.4/helmfile_1.7.4_linux_amd64.tar.gz"
url_api = "https://api.github.com/repos/helmfile/helmfile/releases/assets/516813296"

[tools."aqua:helmfile/helmfile"."platforms.macos-arm64"]
checksum = "sha256:e1490d371fecc1f2d9aae914ef34058f3cb2363c9ee63350b37a85c3994d71d9"
url = "https://github.com/helmfile/helmfile/releases/download/v1.7.4/helmfile_1.7.4_darwin_arm64.tar.gz"
url_api = "https://api.github.com/repos/helmfile/helmfile/releases/assets/516813297"

[tools."aqua:helmfile/helmfile"."platforms.macos-x64"]
checksum = "sha256:7a0951fcc5bb991d7ea3a0c80e35754eb3981dcadba19795edbec7cba2518ae2"
url = "https://github.com/helmfile/helmfile/releases/download/v1.7.4/helmfile_1.7.4_darwin_amd64.tar.gz"
url_api = "https://api.github.com/repos/helmfile/helmfile/releases/assets/516813301"

[tools."aqua:helmfile/helmfile"."platforms.windows-x64"]
checksum = "sha256:f1637850f5d5c311bbadea2f99afec9ab6d4999eeba225c1d787b09ae077bd73"
url = "https://github.com/helmfile/helmfile/releases/download/v1.7.4/helmfile_1.7.4_windows_amd64.tar.gz"
url_api = "https://api.github.com/repos/helmfile/helmfile/releases/assets/516813271"

[[tools."aqua:jqlang/jq"]]
version = "1.8.1"
backend = "aqua:jqlang/jq"

[tools."aqua:jqlang/jq"."platforms.linux-arm64"]
checksum = "sha256:6bc62f25981328edd3cfcfe6fe51b073f2d7e7710d7ef7fcdac28d4e384fc3d4"
url = "https://github.com/jqlang/jq/releases/download/jq-1.8.1/jq-linux-arm64"
url_api = "https://api.github.com/repos/jqlang/jq/releases/assets/268981481"
provenance = "github-attestations"

[tools."aqua:jqlang/jq"."platforms.linux-arm64-musl"]
checksum = "sha256:6bc62f25981328edd3cfcfe6fe51b073f2d7e7710d7ef7fcdac28d4e384fc3d4"
url = "https://github.com/jqlang/jq/releases/download/jq-1.8.1/jq-linux-arm64"
url_api = "https://api.github.com/repos/jqlang/jq/releases/assets/268981481"
provenance = "github-attestations"

[tools."aqua:jqlang/jq"."platforms.linux-x64"]
checksum = "sha256:020468de7539ce70ef1bceaf7cde2e8c4f2ca6c3afb84642aabc5c97d9fc2a0d"
url = "https://github.com/jqlang/jq/releases/download/jq-1.8.1/jq-linux-amd64"
url_api = "https://api.github.com/repos/jqlang/jq/releases/assets/268981484"
provenance = "github-attestations"

[tools."aqua:jqlang/jq"."platforms.linux-x64-musl"]
checksum = "sha256:020468de7539ce70ef1bceaf7cde2e8c4f2ca6c3afb84642aabc5c97d9fc2a0d"
url = "https://github.com/jqlang/jq/releases/download/jq-1.8.1/jq-linux-amd64"
url_api = "https://api.github.com/repos/jqlang/jq/releases/assets/268981484"
provenance = "github-attestations"

[tools."aqua:jqlang/jq"."platforms.macos-arm64"]
checksum = "sha256:a9fe3ea2f86dfc72f6728417521ec9067b343277152b114f4e98d8cb0e263603"
url = "https://github.com/jqlang/jq/releases/download/jq-1.8.1/jq-macos-arm64"
url_api = "https://api.github.com/repos/jqlang/jq/releases/assets/268981506"
provenance = "github-attestations"

[tools."aqua:jqlang/jq"."platforms.macos-x64"]
checksum = "sha256:e80dbe0d2a2597e3c11c404f03337b981d74b4a8504b70586c354b7697a7c27f"
url = "https://github.com/jqlang/jq/releases/download/jq-1.8.1/jq-macos-amd64"
url_api = "https://api.github.com/repos/jqlang/jq/releases/assets/268981505"
provenance = "github-attestations"

[tools."aqua:jqlang/jq"."platforms.windows-x64"]
checksum = "sha256:23cb60a1354eed6bcc8d9b9735e8c7b388cd1fdcb75726b93bc299ef22dd9334"
url = "https://github.com/jqlang/jq/releases/download/jq-1.8.1/jq-windows-amd64.exe"
url_api = "https://api.github.com/repos/jqlang/jq/releases/assets/268981509"
provenance = "github-attestations"

[[tools."aqua:kubernetes-sigs/kustomize"]]
version = "5.7.1"
backend = "aqua:kubernetes-sigs/kustomize"

[tools."aqua:kubernetes-sigs/kustomize"."platforms.linux-arm64"]
checksum = "sha256:4261a040217df3bd6896597c3986d1465925726e4f22a945304b5233a4dcdbda"
url = "https://github.com/kubernetes-sigs/kustomize/releases/download/kustomize/v5.7.1/kustomize_v5.7.1_linux_arm64.tar.gz"
url_api = "https://api.github.com/repos/kubernetes-sigs/kustomize/releases/assets/275587121"

[tools."aqua:kubernetes-sigs/kustomize"."platforms.linux-arm64-musl"]
checksum = "sha256:4261a040217df3bd6896597c3986d1465925726e4f22a945304b5233a4dcdbda"
url = "https://github.com/kubernetes-sigs/kustomize/releases/download/kustomize/v5.7.1/kustomize_v5.7.1_linux_arm64.tar.gz"
url_api = "https://api.github.com/repos/kubernetes-sigs/kustomize/releases/assets/275587121"

[tools."aqua:kubernetes-sigs/kustomize"."platforms.linux-x64"]
checksum = "sha256:ea375e7372f9aa029129d4b2d16c66b7750b7f1213c4f66f910d981c895818d8"
url = "https://github.com/kubernetes-sigs/kustomize/releases/download/kustomize/v5.7.1/kustomize_v5.7.1_linux_amd64.tar.gz"
url_api = "https://api.github.com/repos/kubernetes-sigs/kustomize/releases/assets/275587124"

[tools."aqua:kubernetes-sigs/kustomize"."platforms.linux-x64-musl"]
checksum = "sha256:ea375e7372f9aa029129d4b2d16c66b7750b7f1213c4f66f910d981c895818d8"
url = "https://github.com/kubernetes-sigs/kustomize/releases/download/kustomize/v5.7.1/kustomize_v5.7.1_linux_amd64.tar.gz"
url_api = "https://api.github.com/repos/kubernetes-sigs/kustomize/releases/assets/275587124"

[tools."aqua:kubernetes-sigs/kustomize"."platforms.macos-arm64"]
checksum = "sha256:073e9d16d5a235e2ff83e62d6b76edb5d962adbc33be1e4860c4b3f1f39b33b9"
url = "https://github.com/kubernetes-sigs/kustomize/releases/download/kustomize/v5.7.1/kustomize_v5.7.1_darwin_arm64.tar.gz"
url_api = "https://api.github.com/repos/kubernetes-sigs/kustomize/releases/assets/275587119"

[tools."aqua:kubernetes-sigs/kustomize"."platforms.macos-x64"]
checksum = "sha256:4a0dff80c5644df6bc8f51b342842969004cb6ba5f94dddaabbea7483493273d"
url = "https://github.com/kubernetes-sigs/kustomize/releases/download/kustomize/v5.7.1/kustomize_v5.7.1_darwin_amd64.tar.gz"
url_api = "https://api.github.com/repos/kubernetes-sigs/kustomize/releases/assets/275587122"

[tools."aqua:kubernetes-sigs/kustomize"."platforms.windows-x64"]
checksum = "sha256:4704f8b47582c1c52bf76a50b37178f7f7de17f892713794a8bf44b01b50e0ce"
url = "https://github.com/kubernetes-sigs/kustomize/releases/download/kustomize/v5.7.1/kustomize_v5.7.1_windows_amd64.zip"
url_api = "https://api.github.com/repos/kubernetes-sigs/kustomize/releases/assets/275587134"

[[tools."aqua:kubernetes/kubernetes/kubectl"]]
version = "1.36.3"
backend = "aqua:kubernetes/kubernetes/kubectl"

[tools."aqua:kubernetes/kubernetes/kubectl"."platforms.linux-arm64"]
checksum = "sha256:3d86f24401c41ae5a46ac50eef8865fe891d3647d324a0836f6c63757a126e62"
url = "https://dl.k8s.io/v1.36.3/bin/linux/arm64/kubectl"

[tools."aqua:kubernetes/kubernetes/kubectl"."platforms.linux-arm64-musl"]
checksum = "sha256:3d86f24401c41ae5a46ac50eef8865fe891d3647d324a0836f6c63757a126e62"
url = "https://dl.k8s.io/v1.36.3/bin/linux/arm64/kubectl"

[tools."aqua:kubernetes/kubernetes/kubectl"."platforms.linux-x64"]
checksum = "sha256:ebbd080e7c2e275093b55915722043257eb24004363e20acb3c4d71919f88336"
url = "https://dl.k8s.io/v1.36.3/bin/linux/amd64/kubectl"

[tools."aqua:kubernetes/kubernetes/kubectl"."platforms.linux-x64-musl"]
checksum = "sha256:ebbd080e7c2e275093b55915722043257eb24004363e20acb3c4d71919f88336"
url = "https://dl.k8s.io/v1.36.3/bin/linux/amd64/kubectl"

[tools."aqua:kubernetes/kubernetes/kubectl"."platforms.macos-arm64"]
checksum = "sha256:fc8582acde13869a606730a79379d6515f30c68afcced0b5ac8789d5d002b7d6"
url = "https://dl.k8s.io/v1.36.3/bin/darwin/arm64/kubectl"

[tools."aqua:kubernetes/kubernetes/kubectl"."platforms.macos-x64"]
checksum = "sha256:158b3b46cf74e8b6bd9b1d7cd30f665e3efb2bc1ec3c843ec925bcfdd2930de0"
url = "https://dl.k8s.io/v1.36.3/bin/darwin/amd64/kubectl"

[tools."aqua:kubernetes/kubernetes/kubectl"."platforms.windows-x64"]
checksum = "sha256:ba76657b79d0ebcc3c029c171fc83c96351ba5ce0e71d185f1e5b8b873360a5f"
url = "https://dl.k8s.io/v1.36.3/bin/windows/amd64/kubectl.exe"

[[tools."aqua:mikefarah/yq"]]
version = "4.53.6"
backend = "aqua:mikefarah/yq"

[tools."aqua:mikefarah/yq"."platforms.linux-arm64"]
checksum = "sha256:88a1016bc1d657375a35864e4f44b6f333df8ff97b559f51bba0adcb2169df09"
url = "https://github.com/mikefarah/yq/releases/download/v4.53.6/yq_linux_arm64"
url_api = "https://api.github.com/repos/mikefarah/yq/releases/assets/522028007"
provenance = "cosign"

[tools."aqua:mikefarah/yq"."platforms.linux-arm64-musl"]
checksum = "sha256:88a1016bc1d657375a35864e4f44b6f333df8ff97b559f51bba0adcb2169df09"
url = "https://github.com/mikefarah/yq/releases/download/v4.53.6/yq_linux_arm64"
url_api = "https://api.github.com/repos/mikefarah/yq/releases/assets/522028007"
provenance = "cosign"

[tools."aqua:mikefarah/yq"."platforms.linux-x64"]
checksum = "sha256:c5f056448f973ae7d39b5401949648a78f2dc1947d6a8eb65be60d5c504b9385"
url = "https://github.com/mikefarah/yq/releases/download/v4.53.6/yq_linux_amd64"
url_api = "https://api.github.com/repos/mikefarah/yq/releases/assets/522028022"
provenance = "cosign"

[tools."aqua:mikefarah/yq"."platforms.linux-x64-musl"]
checksum = "sha256:c5f056448f973ae7d39b5401949648a78f2dc1947d6a8eb65be60d5c504b9385"
url = "https://github.com/mikefarah/yq/releases/download/v4.53.6/yq_linux_amd64"
url_api = "https://api.github.com/repos/mikefarah/yq/releases/assets/522028022"
provenance = "cosign"

[tools."aqua:mikefarah/yq"."platforms.macos-arm64"]
checksum = "sha256:cceb0b8d71ea5294334121f8429f33f92b920e7217d904a2f9f35443968ac424"
url = "https://github.com/mikefarah/yq/releases/download/v4.53.6/yq_darwin_arm64"
url_api = "https://api.github.com/repos/mikefarah/yq/releases/assets/522028033"
provenance = "cosign"

[tools."aqua:mikefarah/yq"."platforms.macos-x64"]
checksum = "sha256:caa513cb04f3804b34d4752f0e0d7904fecb9e7cf1d34081289f83259319a7f6"
url = "https://github.com/mikefarah/yq/releases/download/v4.53.6/yq_darwin_amd64"
url_api = "https://api.github.com/repos/mikefarah/yq/releases/assets/522028031"
provenance = "cosign"

[tools."aqua:mikefarah/yq"."platforms.windows-x64"]
checksum = "sha256:ece3dd8bb50d39f93610506273ea262feb91e5c486bbddbb10abf91b2a6c0f14"
url = "https://github.com/mikefarah/yq/releases/download/v4.53.6/yq_windows_amd64.exe"
url_api = "https://api.github.com/repos/mikefarah/yq/releases/assets/522027974"
provenance = "cosign"

[[tools."aqua:siderolabs/talos"]]
version = "1.13.9"
backend = "aqua:siderolabs/talos"

[tools."aqua:siderolabs/talos"."platforms.linux-arm64"]
checksum = "sha256:51caed158eda73d2888cbf2df2d67551f9c9f8229aa42d3725e481d073e76f0b"
url = "https://github.com/siderolabs/talos/releases/download/v1.13.9/talosctl-linux-arm64"
url_api = "https://api.github.com/repos/siderolabs/talos/releases/assets/520547649"
provenance = "cosign"

[tools."aqua:siderolabs/talos"."platforms.linux-arm64-musl"]
checksum = "sha256:51caed158eda73d2888cbf2df2d67551f9c9f8229aa42d3725e481d073e76f0b"
url = "https://github.com/siderolabs/talos/releases/download/v1.13.9/talosctl-linux-arm64"
url_api = "https://api.github.com/repos/siderolabs/talos/releases/assets/520547649"
provenance = "cosign"

[tools."aqua:siderolabs/talos"."platforms.linux-x64"]
checksum = "sha256:7e1d4b7d5846964bdcf63a794e3c8161bb6ef2983d5ace58ea5322f3bf32a27e"
url = "https://github.com/siderolabs/talos/releases/download/v1.13.9/talosctl-linux-amd64"
url_api = "https://api.github.com/repos/siderolabs/talos/releases/assets/520547641"
provenance = "cosign"

[tools."aqua:siderolabs/talos"."platforms.linux-x64-musl"]
checksum = "sha256:7e1d4b7d5846964bdcf63a794e3c8161bb6ef2983d5ace58ea5322f3bf32a27e"
url = "https://github.com/siderolabs/talos/releases/download/v1.13.9/talosctl-linux-amd64"
url_api = "https://api.github.com/repos/siderolabs/talos/releases/assets/520547641"
provenance = "cosign"

[tools."aqua:siderolabs/talos"."platforms.macos-arm64"]
checksum = "sha256:ab4c27a959ff6c52f62c6cc2af07b22ca86ed27f1a138ed57582fa67f7b50f98"
url = "https://github.com/siderolabs/talos/releases/download/v1.13.9/talosctl-darwin-arm64"
url_api = "https://api.github.com/repos/siderolabs/talos/releases/assets/520547612"
provenance = "cosign"

[tools."aqua:siderolabs/talos"."platforms.macos-x64"]
checksum = "sha256:55902fec33e93d11b64e5e01ddd9dde7ae50679328b8f3556e6d86a51dbce866"
url = "https://github.com/siderolabs/talos/releases/download/v1.13.9/talosctl-darwin-amd64"
url_api = "https://api.github.com/repos/siderolabs/talos/releases/assets/520547607"
provenance = "cosign"

[tools."aqua:siderolabs/talos"."platforms.windows-x64"]
checksum = "sha256:ae82483d1dd3a0bd879be5d204fb430ceb7688e8d3036d07a1783d31dec235f2"
url = "https://github.com/siderolabs/talos/releases/download/v1.13.9/talosctl-windows-amd64.exe"
url_api = "https://api.github.com/repos/siderolabs/talos/releases/assets/520547637"
provenance = "cosign"

[[tools."aqua:yannh/kubeconform"]]
version = "0.8.0"
backend = "aqua:yannh/kubeconform"

[tools."aqua:yannh/kubeconform"."platforms.linux-arm64"]
checksum = "sha256:1f53fc8e81258197a35e8603054162a5af1de8c5af13746c71ab680d9534ed87"
url = "https://github.com/yannh/kubeconform/releases/download/v0.8.0/kubeconform-linux-arm64.tar.gz"
url_api = "https://api.github.com/repos/yannh/kubeconform/releases/assets/438612685"

[tools."aqua:yannh/kubeconform"."platforms.linux-arm64-musl"]
checksum = "sha256:1f53fc8e81258197a35e8603054162a5af1de8c5af13746c71ab680d9534ed87"
url = "https://github.com/yannh/kubeconform/releases/download/v0.8.0/kubeconform-linux-arm64.tar.gz"
url_api = "https://api.github.com/repos/yannh/kubeconform/releases/assets/438612685"

[tools."aqua:yannh/kubeconform"."platforms.linux-x64"]
checksum = "sha256:9bc2bffbf71f261128533edaf912153948b7ff238f9a531ae6d34466ec287883"
url = "https://github.com/yannh/kubeconform/releases/download/v0.8.0/kubeconform-linux-amd64.tar.gz"
url_api = "https://api.github.com/repos/yannh/kubeconform/releases/assets/438612666"

[tools."aqua:yannh/kubeconform"."platforms.linux-x64-musl"]
checksum = "sha256:9bc2bffbf71f261128533edaf912153948b7ff238f9a531ae6d34466ec287883"
url = "https://github.com/yannh/kubeconform/releases/download/v0.8.0/kubeconform-linux-amd64.tar.gz"
url_api = "https://api.github.com/repos/yannh/kubeconform/releases/assets/438612666"

[tools."aqua:yannh/kubeconform"."platforms.macos-arm64"]
checksum = "sha256:f84f4dfbebf4a6b0b230385fa065a39ea35e02608c2b50d025dcf64775a69d67"
url = "https://github.com/yannh/kubeconform/releases/download/v0.8.0/kubeconform-darwin-arm64.tar.gz"
url_api = "https://api.github.com/repos/yannh/kubeconform/releases/assets/438612680"

[tools."aqua:yannh/kubeconform"."platforms.macos-x64"]
checksum = "sha256:71dbc87ac9f24099a62b93570e65aa06312ba6ac8aea63b7f86e9d999edf5a92"
url = "https://github.com/yannh/kubeconform/releases/download/v0.8.0/kubeconform-darwin-amd64.tar.gz"
url_api = "https://api.github.com/repos/yannh/kubeconform/releases/assets/438612679"

[tools."aqua:yannh/kubeconform"."platforms.windows-x64"]
checksum = "sha256:e3f56102bcf4f50b034a567e2482a1c5330799983ddd655952310211aef73d93"
url = "https://github.com/yannh/kubeconform/releases/download/v0.8.0/kubeconform-windows-amd64.zip"
url_api = "https://api.github.com/repos/yannh/kubeconform/releases/assets/438612665"

[[tools.pipx]]
version = "1.16.7"
backend = "aqua:pypa/pipx"

[tools.pipx."platforms.linux-arm64"]
checksum = "sha256:302633d0061e0ab4269257501cbe1338cde5f00f22f121543706624aada0145e"
url = "https://github.com/pypa/pipx/releases/download/1.16.7/pipx.pyz"
url_api = "https://api.github.com/repos/pypa/pipx/releases/assets/513588802"

[tools.pipx."platforms.linux-arm64-musl"]
checksum = "sha256:302633d0061e0ab4269257501cbe1338cde5f00f22f121543706624aada0145e"
url = "https://github.com/pypa/pipx/releases/download/1.16.7/pipx.pyz"
url_api = "https://api.github.com/repos/pypa/pipx/releases/assets/513588802"

[tools.pipx."platforms.linux-x64"]
checksum = "sha256:302633d0061e0ab4269257501cbe1338cde5f00f22f121543706624aada0145e"
url = "https://github.com/pypa/pipx/releases/download/1.16.7/pipx.pyz"
url_api = "https://api.github.com/repos/pypa/pipx/releases/assets/513588802"

[tools.pipx."platforms.linux-x64-musl"]
checksum = "sha256:302633d0061e0ab4269257501cbe1338cde5f00f22f121543706624aada0145e"
url = "https://github.com/pypa/pipx/releases/download/1.16.7/pipx.pyz"
url_api = "https://api.github.com/repos/pypa/pipx/releases/assets/513588802"

[tools.pipx."platforms.macos-arm64"]
checksum = "sha256:302633d0061e0ab4269257501cbe1338cde5f00f22f121543706624aada0145e"
url = "https://github.com/pypa/pipx/releases/download/1.16.7/pipx.pyz"
url_api = "https://api.github.com/repos/pypa/pipx/releases/assets/513588802"

[tools.pipx."platforms.macos-x64"]
checksum = "sha256:302633d0061e0ab4269257501cbe1338cde5f00f22f121543706624aada0145e"
url = "https://github.com/pypa/pipx/releases/download/1.16.7/pipx.pyz"
url_api = "https://api.github.com/repos/pypa/pipx/releases/assets/513588802"

[[tools."pipx:makejinja"]]
version = "2.8.2"
backend = "pipx:makejinja"

[[tools.python]]
version = "3.14.7"
backend = "core:python"

[tools.python."platforms.linux-arm64"]
checksum = "sha256:4dba8d7e06199f841a9d6b54e4eb58d446a5c20c65085a916190dd0162c6e93b"
url = "https://github.com/astral-sh/python-build-standalone/releases/download/20260807/cpython-3.14.7+20260807-aarch64-unknown-linux-gnu-install_only_stripped.tar.gz"
provenance = "github-attestations"

[tools.python."platforms.linux-arm64-musl"]
checksum = "sha256:10be7fe15ba5d1e5cfee1c2d8a9c720f29621b873e1f147f0b0a07f23de20d1a"
url = "https://github.com/astral-sh/python-build-standalone/releases/download/20260807/cpython-3.14.7+20260807-aarch64-unknown-linux-musl-install_only_stripped.tar.gz"
provenance = "github-attestations"

[tools.python."platforms.linux-x64"]
checksum = "sha256:a2478d654ed51d443bae21ec20ad927f116b4f5aae4094ab74918a6aa38f0575"
url = "https://github.com/astral-sh/python-build-standalone/releases/download/20260807/cpython-3.14.7+20260807-x86_64-unknown-linux-gnu-install_only_stripped.tar.gz"
provenance = "github-attestations"

[tools.python."platforms.linux-x64-musl"]
checksum = "sha256:1fe25b50644b50b3333afa0d4013cc9cbab4dde4284c0154aebef4f53523ed99"
url = "https://github.com/astral-sh/python-build-standalone/releases/download/20260807/cpython-3.14.7+20260807-x86_64-unknown-linux-musl-install_only_stripped.tar.gz"
provenance = "github-attestations"

[tools.python."platforms.macos-arm64"]
checksum = "sha256:532645be202d3df8510ab318ca5faed92060a694c8327144e14fa81f31af0f6d"
url = "https://github.com/astral-sh/python-build-standalone/releases/download/20260807/cpython-3.14.7+20260807-aarch64-apple-darwin-install_only_stripped.tar.gz"
provenance = "github-attestations"

[tools.python."platforms.macos-x64"]
checksum = "sha256:9964e2d618ebea03be8ea3e65ab0ecc0f2b030ce203345b8f92654641fd4de66"
url = "https://github.com/astral-sh/python-build-standalone/releases/download/20260807/cpython-3.14.7+20260807-x86_64-apple-darwin-install_only_stripped.tar.gz"
provenance = "github-attestations"

[tools.python."platforms.windows-x64"]
checksum = "sha256:840e368318d1630bd8efbd3f7de8fab32cb4bbd735baef733f9034f2676c6a92"
url = "https://github.com/astral-sh/python-build-standalone/releases/download/20260807/cpython-3.14.7+20260807-x86_64-pc-windows-msvc-install_only_stripped.tar.gz"
provenance = "github-attestations"

[[tools.uv]]
version = "0.12.7"
backend = "aqua:astral-sh/uv"

[tools.uv."platforms.linux-arm64"]
checksum = "sha256:66393193038dd7eb108abd7a218d9cec04ac70ab98242b0720fa94de19223b7c"
url = "https://github.com/astral-sh/uv/releases/download/0.12.7/uv-aarch64-unknown-linux-gnu.tar.gz"
url_api = "https://api.github.com/repos/astral-sh/uv/releases/assets/532935189"
provenance = "github-attestations"

[tools.uv."platforms.linux-arm64-musl"]
checksum = "sha256:6dcf60e3c085de88ace3671b949ca99f0652be561ff5627f0d21394140f041db"
url = "https://github.com/astral-sh/uv/releases/download/0.12.7/uv-aarch64-unknown-linux-musl.tar.gz"
url_api = "https://api.github.com/repos/astral-sh/uv/releases/assets/532935192"
provenance = "github-attestations"

[tools.uv."platforms.linux-x64"]
checksum = "sha256:3d64d44ed67da7908dc7f5c4d64ebb44bad326fa17f8a0a52fc9a7793017bbe1"
url = "https://github.com/astral-sh/uv/releases/download/0.12.7/uv-x86_64-unknown-linux-musl.tar.gz"
url_api = "https://api.github.com/repos/astral-sh/uv/releases/assets/532935280"
provenance = "github-attestations"

[tools.uv."platforms.linux-x64-musl"]
checksum = "sha256:3d64d44ed67da7908dc7f5c4d64ebb44bad326fa17f8a0a52fc9a7793017bbe1"
url = "https://github.com/astral-sh/uv/releases/download/0.12.7/uv-x86_64-unknown-linux-musl.tar.gz"
url_api = "https://api.github.com/repos/astral-sh/uv/releases/assets/532935287"
provenance = "github-attestations"

[tools.uv."platforms.macos-arm64"]
checksum = "sha256:127ebdda7ad953cdf198e964b570ea5771b85467ea93eb7cb6d6f8e6f55408f3"
url = "https://github.com/astral-sh/uv/releases/download/0.12.7/uv-aarch64-apple-darwin.tar.gz"
url_api = "https://api.github.com/repos/astral-sh/uv/releases/assets/532935178"
provenance = "github-attestations"

[tools.uv."platforms.macos-x64"]
checksum = "sha256:06b8ae1da8c2661c5434507a66f8c2b0b835933bf955b5958a9ac357a37d1959"
url = "https://github.com/astral-sh/uv/releases/download/0.12.7/uv-x86_64-apple-darwin.tar.gz"
url_api = "https://api.github.com/repos/astral-sh/uv/releases/assets/532935264"
provenance = "github-attestations"

[tools.uv."platforms.windows-x64"]
checksum = "sha256:bf1518af459a3915511a11fdc6e2f43ef9a2afa138b9d498eeb9642fe9d85218"
url = "https://github.com/astral-sh/uv/releases/download/0.12.7/uv-x86_64-pc-windows-msvc.zip"
url_api = "https://api.github.com/repos/astral-sh/uv/releases/assets/532935273"
provenance = "github-attestations"
